// !$*UTF8*$!
{
	archiveVersion = 1;
	classes = {
	};
	objectVersion = 50;
	objects = {

/* Begin PBXBuildFile section */
		E7CA5EB323F9493300F9C631 /* AppDelegate.swift in Sources */ = {isa = PBXBuildFile; fileRef = E7CA5EB223F9493300F9C631 /* AppDelegate.swift */; };
		E7CA5EB523F9493300F9C631 /* SceneDelegate.swift in Sources */ = {isa = PBXBuildFile; fileRef = E7CA5EB423F9493300F9C631 /* SceneDelegate.swift */; };
		E7CA5EB723F9493300F9C631 /* CategoriesViewController.swift in Sources */ = {isa = PBXBuildFile; fileRef = E7CA5EB623F9493300F9C631 /* CategoriesViewController.swift */; };
		E7CA5EBC23F9493300F9C631 /* Assets.xcassets in Resources */ = {isa = PBXBuildFile; fileRef = E7CA5EBB23F9493300F9C631 /* Assets.xcassets */; };
		E7CA5EBF23F9493300F9C631 /* LaunchScreen.storyboard in Resources */ = {isa = PBXBuildFile; fileRef = E7CA5EBD23F9493300F9C631 /* LaunchScreen.storyboard */; };
		E7CA5EC923F94AEE00F9C631 /* Category.swift in Sources */ = {isa = PBXBuildFile; fileRef = E7CA5EC823F94AEE00F9C631 /* Category.swift */; };
		E7CA5ECB23F9522400F9C631 /* CategoriesCollectionViewCell.swift in Sources */ = {isa = PBXBuildFile; fileRef = E7CA5ECA23F9522400F9C631 /* CategoriesCollectionViewCell.swift */; };
		E7CA5ECD23FA89A200F9C631 /* CategoriesData.swift in Sources */ = {isa = PBXBuildFile; fileRef = E7CA5ECC23FA89A200F9C631 /* CategoriesData.swift */; };
/* End PBXBuildFile section */

/* Begin PBXFileReference section */
		E7CA5EAF23F9493300F9C631 /* Sound Record.app */ = {isa = PBXFileReference; explicitFileType = wrapper.application; includeInIndex = 0; path = "Sound Record.app"; sourceTree = BUILT_PRODUCTS_DIR; };
		E7CA5EB223F9493300F9C631 /* AppDelegate.swift */ = {isa = PBXFileReference; lastKnownFileType = sourcecode.swift; path = AppDelegate.swift; sourceTree = "<group>"; };
		E7CA5EB423F9493300F9C631 /* SceneDelegate.swift */ = {isa = PBXFileReference; lastKnownFileType = sourcecode.swift; path = SceneDelegate.swift; sourceTree = "<group>"; };
		E7CA5EB623F9493300F9C631 /* CategoriesViewController.swift */ = {isa = PBXFileReference; lastKnownFileType = sourcecode.swift; path = CategoriesViewController.swift; sourceTree = "<group>"; };
		E7CA5EBB23F9493300F9C631 /* Assets.xcassets */ = {isa = PBXFileReference; lastKnownFileType = folder.assetcatalog; path = Assets.xcassets; sourceTree = "<group>"; };
		E7CA5EBE23F9493300F9C631 /* Base */ = {isa = PBXFileReference; lastKnownFileType = file.storyboard; name = Base; path = Base.lproj/LaunchScreen.storyboard; sourceTree = "<group>"; };
		E7CA5EC023F9493300F9C631 /* Info.plist */ = {isa = PBXFileReference; lastKnownFileType = text.plist.xml; path = Info.plist; sourceTree = "<group>"; };
		E7CA5EC823F94AEE00F9C631 /* Category.swift */ = {isa = PBXFileReference; lastKnownFileType = sourcecode.swift; path = Category.swift; sourceTree = "<group>"; };
		E7CA5ECA23F9522400F9C631 /* CategoriesCollectionViewCell.swift */ = {isa = PBXFileReference; lastKnownFileType = sourcecode.swift; path = CategoriesCollectionViewCell.swift; sourceTree = "<group>"; };
		E7CA5ECC23FA89A200F9C631 /* CategoriesData.swift */ = {isa = PBXFileReference; lastKnownFileType = sourcecode.swift; path = CategoriesData.swift; sourceTree = "<group>"; };
/* End PBXFileReference section */

/* Begin PBXFrameworksBuildPhase section */
		E7CA5EAC23F9493300F9C631 /* Frameworks */ = {
			isa = PBXFrameworksBuildPhase;
			buildActionMask = 2147483647;
			files = (
			);
			runOnlyForDeploymentPostprocessing = 0;
		};
/* End PBXFrameworksBuildPhase section */

/* Begin PBXGroup section */
		E7CA5EA623F9493300F9C631 = {
			isa = PBXGroup;
			children = (
				E7CA5EB123F9493300F9C631 /* Sound Record */,
				E7CA5EB023F9493300F9C631 /* Products */,
			);
			sourceTree = "<group>";
		};
		E7CA5EB023F9493300F9C631 /* Products */ = {
			isa = PBXGroup;
			children = (
				E7CA5EAF23F9493300F9C631 /* Sound Record.app */,
			);
			name = Products;
			sourceTree = "<group>";
		};
		E7CA5EB123F9493300F9C631 /* Sound Record */ = {
			isa = PBXGroup;
			children = (
				E7CA5EB223F9493300F9C631 /* AppDelegate.swift */,
				E7CA5EB423F9493300F9C631 /* SceneDelegate.swift */,
				E7CA5EB623F9493300F9C631 /* CategoriesViewController.swift */,
				E7CA5ECA23F9522400F9C631 /* CategoriesCollectionViewCell.swift */,
				E7CA5ECC23FA89A200F9C631 /* CategoriesData.swift */,
				E7CA5EC823F94AEE00F9C631 /* Category.swift */,
				E7CA5EBB23F9493300F9C631 /* Assets.xcassets */,
				E7CA5EBD23F9493300F9C631 /* LaunchScreen.storyboard */,
				E7CA5EC023F9493300F9C631 /* Info.plist */,
			);
			path = "Sound Record";
			sourceTree = "<group>";
		};
/* End PBXGroup section */

/* Begin PBXNativeTarget section */
		E7CA5EAE23F9493300F9C631 /* Sound Record */ = {
			isa = PBXNativeTarget;
			buildConfigurationList = E7CA5EC323F9493300F9C631 /* Build configuration list for PBXNativeTarget "Sound Record" */;
			buildPhases = (
				E7CA5EAB23F9493300F9C631 /* Sources */,
				E7CA5EAC23F9493300F9C631 /* Frameworks */,
				E7CA5EAD23F9493300F9C631 /* Resources */,
			);
			buildRules = (
			);
			dependencies = (
			);
			name = "Sound Record";
			productName = "Sound Record";
			productReference = E7CA5EAF23F9493300F9C631 /* Sound Record.app */;
			productType = "com.apple.product-type.application";
		};
/* End PBXNativeTarget section */

/* Begin PBXProject section */
		E7CA5EA723F9493300F9C631 /* Project object */ = {
			isa = PBXProject;
			attributes = {
				LastSwiftUpdateCheck = 1130;
				LastUpgradeCheck = 1130;
				ORGANIZATIONNAME = myOrganization;
				TargetAttributes = {
					E7CA5EAE23F9493300F9C631 = {
						CreatedOnToolsVersion = 11.3.1;
					};
				};
			};
			buildConfigurationList = E7CA5EAA23F9493300F9C631 /* Build configuration list for PBXProject "Sound Record" */;
			compatibilityVersion = "Xcode 9.3";
			developmentRegion = en;
			hasScannedForEncodings = 0;
			knownRegions = (
				en,
				Base,
			);
			mainGroup = E7CA5EA623F9493300F9C631;
			productRefGroup = E7CA5EB023F9493300F9C631 /* Products */;
			projectDirPath = "";
			projectRoot = "";
			targets = (
				E7CA5EAE23F9493300F9C631 /* Sound Record */,
			);
		};
/* End PBXProject section */

/* Begin PBXResourcesBuildPhase section */
		E7CA5EAD23F9493300F9C631 /* Resources */ = {
			isa = PBXResourcesBuildPhase;
			buildActionMask = 2147483647;
			files = (
				E7CA5EBF23F9493300F9C631 /* LaunchScreen.storyboard in Resources */,
				E7CA5EBC23F9493300F9C631 /* Assets.xcassets in Resources */,
			);
			runOnlyForDeploymentPostprocessing = 0;
		};
/* End PBXResourcesBuildPhase section */

/* Begin PBXSourcesBuildPhase section */
		E7CA5EAB23F9493300F9C631 /* Sources */ = {
			isa = PBXSourcesBuildPhase;
			buildActionMask = 2147483647;
			files = (
				E7CA5ECB23F9522400F9C631 /* CategoriesCollectionViewCell.swift in Sources */,
				E7CA5EC923F94AEE00F9C631 /* Category.swift in Sources */,
				E7CA5EB723F9493300F9C631 /* CategoriesViewController.swift in Sources */,
				E7CA5EB323F9493300F9C631 /* AppDelegate.swift in Sources */,
				E7CA5EB523F9493300F9C631 /* SceneDelegate.swift in Sources */,
				E7CA5ECD23FA89A200F9C631 /* CategoriesData.swift in Sources */,
			);
			runOnlyForDeploymentPostprocessing = 0;
		};
/* End PBXSourcesBuildPhase section */

/* Begin PBXVariantGroup section */
		E7CA5EBD23F9493300F9C631 /* LaunchScreen.storyboard */ = {
			isa = PBXVariantGroup;
			children = (
				E7CA5EBE23F9493300F9C631 /* Base */,
			);
			name = LaunchScreen.storyboard;
			sourceTree = "<group>";
		};
/* End PBXVariantGroup section */

/* Begin XCBuildConfiguration section */
		E7CA5EC123F9493300F9C631 /* Debug */ = {
			isa = XCBuildConfiguration;
			buildSettings = {
				ALWAYS_SEARCH_USER_PATHS = NO;
				CLANG_ANALYZER_NONNULL = YES;
				CLANG_ANALYZER_NUMBER_OBJECT_CONVERSION = YES_AGGRESSIVE;
				CLANG_CXX_LANGUAGE_STANDARD = "gnu++14";
				CLANG_CXX_LIBRARY = "libc++";
				CLANG_ENABLE_MODULES = YES;
				CLANG_ENABLE_OBJC_ARC = YES;
				CLANG_ENABLE_OBJC_WEAK = YES;
				CLANG_WARN_BLOCK_CAPTURE_AUTORELEASING = YES;
				CLANG_WARN_BOOL_CONVERSION = YES;
				CLANG_WARN_COMMA = YES;
				CLANG_WARN_CONSTANT_CONVERSION = YES;
				CLANG_WARN_DEPRECATED_OBJC_IMPLEMENTATIONS = YES;
				CLANG_WARN_DIRECT_OBJC_ISA_USAGE = YES_ERROR;
				CLANG_WARN_DOCUMENTATION_COMMENTS = YES;
				CLANG_WARN_EMPTY_BODY = YES;
				CLANG_WARN_ENUM_CONVERSION = YES;
				CLANG_WARN_INFINITE_RECURSION = YES;
				CLANG_WARN_INT_CONVERSION = YES;
				CLANG_WARN_NON_LITERAL_NULL_CONVERSION = YES;
				CLANG_WARN_OBJC_IMPLICIT_RETAIN_SELF = YES;
				CLANG_WARN_OBJC_LITERAL_CONVERSION = YES;
				CLANG_WARN_OBJC_ROOT_CLASS = YES_ERROR;
				CLANG_WARN_RANGE_LOOP_ANALYSIS = YES;
				CLANG_WARN_STRICT_PROTOTYPES = YES;
				CLANG_WARN_SUSPICIOUS_MOVE = YES;
				CLANG_WARN_UNGUARDED_AVAILABILITY = YES_AGGRESSIVE;
				CLANG_WARN_UNREACHABLE_CODE = YES;
				CLANG_WARN__DUPLICATE_METHOD_MATCH = YES;
				COPY_PHASE_STRIP = NO;
				DEBUG_INFORMATION_FORMAT = dwarf;
				ENABLE_STRICT_OBJC_MSGSEND = YES;
				ENABLE_TESTABILITY = YES;
				GCC_C_LANGUAGE_STANDARD = gnu11;
				GCC_DYNAMIC_NO_PIC = NO;
				GCC_NO_COMMON_BLOCKS = YES;
				GCC_OPTIMIZATION_LEVEL = 0;
				GCC_PREPROCESSOR_DEFINITIONS = (
					"DEBUG=1",
					"$(inherited)",
				);
				GCC_WARN_64_TO_32_BIT_CONVERSION = YES;
				GCC_WARN_ABOUT_RETURN_TYPE = YES_ERROR;
				GCC_WARN_UNDECLARED_SELECTOR = YES;
				GCC_WARN_UNINITIALIZED_AUTOS = YES_AGGRESSIVE;
				GCC_WARN_UNUSED_FUNCTION = YES;
				GCC_WARN_UNUSED_VARIABLE = YES;
				IPHONEOS_DEPLOYMENT_TARGET = 13.2;
				MTL_ENABLE_DEBUG_INFO = INCLUDE_SOURCE;
				MTL_FAST_MATH = YES;
				ONLY_ACTIVE_ARCH = YES;
				SDKROOT = iphoneos;
				SWIFT_ACTIVE_COMPILATION_CONDITIONS = DEBUG;
				SWIFT_OPTIMIZATION_LEVEL = "-Onone";
			};
			name = Debug;
		};
		E7CA5EC223F9493300F9C631 /* Release */ = {
			isa = XCBuildConfiguration;
			buildSettings = {
				ALWAYS_SEARCH_USER_PATHS = NO;
				CLANG_ANALYZER_NONNULL = YES;
				CLANG_ANALYZER_NUMBER_OBJECT_CONVERSION = YES_AGGRESSIVE;
				CLANG_CXX_LANGUAGE_STANDARD = "gnu++14";
				CLANG_CXX_LIBRARY = "libc++";
				CLANG_ENABLE_MODULES = YES;
				CLANG_ENABLE_OBJC_ARC = YES;
				CLANG_ENABLE_OBJC_WEAK = YES;
				CLANG_WARN_BLOCK_CAPTURE_AUTORELEASING = YES;
				CLANG_WARN_BOOL_CONVERSION = YES;
				CLANG_WARN_COMMA = YES;
				CLANG_WARN_CONSTANT_CONVERSION = YES;
				CLANG_WARN_DEPRECATED_OBJC_IMPLEMENTATIONS = YES;
				CLANG_WARN_DIRECT_OBJC_ISA_USAGE = YES_ERROR;
				CLANG_WARN_DOCUMENTATION_COMMENTS = YES;
				CLANG_WARN_EMPTY_BODY = YES;
				CLANG_WARN_ENUM_CONVERSION = YES;
				CLANG_WARN_INFINITE_RECURSION = YES;
				CLANG_WARN_INT_CONVERSION = YES;
				CLANG_WARN_NON_LITERAL_NULL_CONVERSION = YES;
				CLANG_WARN_OBJC_IMPLICIT_RETAIN_SELF = YES;
				CLANG_WARN_OBJC_LITERAL_CONVERSION = YES;
				CLANG_WARN_OBJC_ROOT_CLASS = YES_ERROR;
				CLANG_WARN_RANGE_LOOP_ANALYSIS = YES;
				CLANG_WARN_STRICT_PROTOTYPES = YES;
				CLANG_WARN_SUSPICIOUS_MOVE = YES;
				CLANG_WARN_UNGUARDED_AVAILABILITY = YES_AGGRESSIVE;
				CLANG_WARN_UNREACHABLE_CODE = YES;
				CLANG_WARN__DUPLICATE_METHOD_MATCH = YES;
				COPY_PHASE_STRIP = NO;
				DEBUG_INFORMATION_FORMAT = "dwarf-with-dsym";
				ENABLE_NS_ASSERTIONS = NO;
				ENABLE_STRICT_OBJC_MSGSEND = YES;
				GCC_C_LANGUAGE_STANDARD = gnu11;
				GCC_NO_COMMON_BLOCKS = YES;
				GCC_WARN_64_TO_32_BIT_CONVERSION = YES;
				GCC_WARN_ABOUT_RETURN_TYPE = YES_ERROR;
				GCC_WARN_UNDECLARED_SELECTOR = YES;
				GCC_WARN_UNINITIALIZED_AUTOS = YES_AGGRESSIVE;
				GCC_WARN_UNUSED_FUNCTION = YES;
				GCC_WARN_UNUSED_VARIABLE = YES;
				IPHONEOS_DEPLOYMENT_TARGET = 13.2;
				MTL_ENABLE_DEBUG_INFO = NO;
				MTL_FAST_MATH = YES;
				SDKROOT = iphoneos;
				SWIFT_COMPILATION_MODE = wholemodule;
				SWIFT_OPTIMIZATION_LEVEL = "-O";
				VALIDATE_PRODUCT = YES;
			};
			name = Release;
		};
		E7CA5EC423F9493300F9C631 /* Debug */ = {
			isa = XCBuildConfiguration;
			buildSettings = {
				ASSETCATALOG_COMPILER_APPICON_NAME = AppIcon;
				CODE_SIGN_STYLE = Automatic;
				INFOPLIST_FILE = "Sound Record/Info.plist";
				LD_RUNPATH_SEARCH_PATHS = (
					"$(inherited)",
					"@executable_path/Frameworks",
				);
				PRODUCT_BUNDLE_IDENTIFIER = "myId.Sound-Record";
				PRODUCT_NAME = "$(TARGET_NAME)";
				SWIFT_VERSION = 5.0;
				TARGETED_DEVICE_FAMILY = "1,2";
			};
			name = Debug;
		};
		E7CA5EC523F9493300F9C631 /* Release */ = {
			isa = XCBuildConfiguration;
			buildSettings = {
				ASSETCATALOG_COMPILER_APPICON_NAME = AppIcon;
				CODE_SIGN_STYLE = Automatic;
				INFOPLIST_FILE = "Sound Record/Info.plist";
				LD_RUNPATH_SEARCH_PATHS = (
					"$(inherited)",
					"@executable_path/Frameworks",
				);
				PRODUCT_BUNDLE_IDENTIFIER = "myId.Sound-Record";
				PRODUCT_NAME = "$(TARGET_NAME)";
				SWIFT_VERSION = 5.0;
				TARGETED_DEVICE_FAMILY = "1,2";
			};
			name = Release;
		};
/* End XCBuildConfiguration section */

/* Begin XCConfigurationList section */
		E7CA5EAA23F9493300F9C631 /* Build configuration list for PBXProject "Sound Record" */ = {
			isa = XCConfigurationList;
			buildConfigurations = (
				E7CA5EC123F9493300F9C631 /* Debug */,
				E7CA5EC223F9493300F9C631 /* Release */,
			);
			defaultConfigurationIsVisible = 0;
			defaultConfigurationName = Release;
		};
		E7CA5EC323F9493300F9C631 /* Build configuration list for PBXNativeTarget "Sound Record" */ = {
			isa = XCConfigurationList;
			buildConfigurations = (
				E7CA5EC423F9493300F9C631 /* Debug */,
				E7CA5EC523F9493300F9C631 /* Release */,
			);
			defaultConfigurationIsVisible = 0;
			defaultConfigurationName = Release;
		};
/* End XCConfigurationList section */
	};
	rootObject = E7CA5EA723F9493300F9C631 /* Project object */;
}
